
Microsoft Visual Studio Solution File, Format Version 12.00
# Visual Studio Version 17
VisualStudioVersion = 17.13.35931.197 d17.13
MinimumVisualStudioVersion = 10.0.40219.1
Project("{FAE04EC0-301F-11D3-BF4B-00C04F79EFBC}") = "Lee_Xerri_PFC_TCA", "Lee_Xerri_PFC_TCA\Lee_Xerri_PFC_TCA.csproj", "{CC36C0E2-5CAE-405C-9BF0-78B1E6A1BF19}"
EndProject
Global
	GlobalSection(SolutionConfigurationPlatforms) = preSolution
		Debug|Any CPU = Debug|Any CPU
		Release|Any CPU = Release|Any CPU
	EndGlobalSection
	GlobalSection(ProjectConfigurationPlatforms) = postSolution
		{CC36C0E2-5CAE-405C-9BF0-78B1E6A1BF19}.Debug|Any CPU.ActiveCfg = Debug|Any CPU
		{CC36C0E2-5CAE-405C-9BF0-78B1E6A1BF19}.Debug|Any CPU.Build.0 = Debug|Any CPU
		{CC36C0E2-5CAE-405C-9BF0-78B1E6A1BF19}.Release|Any CPU.ActiveCfg = Release|Any CPU
		{CC36C0E2-5CAE-405C-9BF0-78B1E6A1BF19}.Release|Any CPU.Build.0 = Release|Any CPU
	EndGlobalSection
	GlobalSection(SolutionProperties) = preSolution
		HideSolutionNode = FALSE
	EndGlobalSection
	GlobalSection(ExtensibilityGlobals) = postSolution
		SolutionGuid = {F677C32E-DDF1-446B-914B-1EF0BA212A5A}
	EndGlobalSection
EndGlobal
