
Microsoft Visual Studio Solution File, Format Version 12.00
# Visual Studio Version 17
VisualStudioVersion = 17.11.35312.102
MinimumVisualStudioVersion = 10.0.40219.1
Project("{FAE04EC0-301F-11D3-BF4B-00C04F79EFBC}") = "PFTC_CLASS_SOLUTION", "PFTC_CLASS_SOLUTION\PFTC_CLASS_SOLUTION.csproj", "{0774B015-743D-437C-851A-A77335ECC477}"
EndProject
Global
	GlobalSection(SolutionConfigurationPlatforms) = preSolution
		Debug|Any CPU = Debug|Any CPU
		Release|Any CPU = Release|Any CPU
	EndGlobalSection
	GlobalSection(ProjectConfigurationPlatforms) = postSolution
		{0774B015-743D-437C-851A-A77335ECC477}.Debug|Any CPU.ActiveCfg = Debug|Any CPU
		{0774B015-743D-437C-851A-A77335ECC477}.Debug|Any CPU.Build.0 = Debug|Any CPU
		{0774B015-743D-437C-851A-A77335ECC477}.Release|Any CPU.ActiveCfg = Release|Any CPU
		{0774B015-743D-437C-851A-A77335ECC477}.Release|Any CPU.Build.0 = Release|Any CPU
	EndGlobalSection
	GlobalSection(SolutionProperties) = preSolution
		HideSolutionNode = FALSE
	EndGlobalSection
	GlobalSection(ExtensibilityGlobals) = postSolution
		SolutionGuid = {2E817686-6B8F-4B10-B248-AE60362FB715}
	EndGlobalSection
EndGlobal
